
Microsoft Visual Studio Solution File, Format Version 12.00
# Visual Studio Version 16
VisualStudioVersion = 16.0.31321.278
MinimumVisualStudioVersion = 10.0.40219.1
Project("{FAE04EC0-301F-11D3-BF4B-00C04F79EFBC}") = "CarClient", "CarClient.csproj", "{3E33A542-B7C0-486C-B418-A13F28920DEF}"
EndProject
Global
	GlobalSection(SolutionConfigurationPlatforms) = preSolution
		Debug|Any CPU = Debug|Any CPU
		Release|Any CPU = Release|Any CPU
	EndGlobalSection
	GlobalSection(ProjectConfigurationPlatforms) = postSolution
		{3E33A542-B7C0-486C-B418-A13F28920DEF}.Debug|Any CPU.ActiveCfg = Debug|Any CPU
		{3E33A542-B7C0-486C-B418-A13F28920DEF}.Debug|Any CPU.Build.0 = Debug|Any CPU
		{3E33A542-B7C0-486C-B418-A13F28920DEF}.Release|Any CPU.ActiveCfg = Release|Any CPU
		{3E33A542-B7C0-486C-B418-A13F28920DEF}.Release|Any CPU.Build.0 = Release|Any CPU
	EndGlobalSection
	GlobalSection(SolutionProperties) = preSolution
		HideSolutionNode = FALSE
	EndGlobalSection
	GlobalSection(ExtensibilityGlobals) = postSolution
		SolutionGuid = {C8E7B0D8-B1E6-4BA2-8B7A-EFAF865C121E}
	EndGlobalSection
EndGlobal
